{
  "version": 4,
  "terraform_version": "1.14.8",
  "serial": 1,
  "lineage": "98b524a4-bd29-8bd2-add1-5b01beffa6d8",
  "outputs": {
    "network_name": {
      "value": "secure-lab-network",
      "type": "string"
    },
    "network_subnet": {
      "value": "10.10.10.0/24",
      "type": "string"
    }
  },
  "resources": [
    {
      "mode": "managed",
      "type": "docker_network",
      "name": "secure_lab_net",
      "provider": "provider[\"registry.terraform.io/kreuzwerker/docker\"]",
      "instances": [
        {
          "schema_version": 1,
          "attributes": {
            "attachable": false,
            "check_duplicate": null,
            "driver": "bridge",
            "id": "92c1ef84d7934de55289ea310d2cd2b6613f2304512273b1c599565c2c84f2ec",
            "ingress": false,
            "internal": false,
            "ipam_config": [
              {
                "aux_address": null,
                "gateway": "10.10.10.1",
                "ip_range": "",
                "subnet": "10.10.10.0/24"
              }
            ],
            "ipam_driver": "default",
            "ipam_options": null,
            "ipv6": false,
            "labels": [],
            "name": "secure-lab-network",
            "options": {},
            "scope": "local"
          },
          "sensitive_attributes": [],
          "identity_schema_version": 0,
          "private": "eyJzY2hlbWFfdmVyc2lvbiI6IjEifQ=="
        }
      ]
    }
  ],
  "check_results": null
}
